
Microsoft Visual Studio Solution File, Format Version 12.00
# Visual Studio Version 16
VisualStudioVersion = 16.0.31424.327
MinimumVisualStudioVersion = 10.0.40219.1
Project("{FAE04EC0-301F-11D3-BF4B-00C04F79EFBC}") = "Superheroes", "Superheroes\Superheroes.csproj", "{D318DEA3-1F6B-4DBE-90D6-524F17E75B8C}"
EndProject
Global
	GlobalSection(SolutionConfigurationPlatforms) = preSolution
		Debug|Any CPU = Debug|Any CPU
		Release|Any CPU = Release|Any CPU
	EndGlobalSection
	GlobalSection(ProjectConfigurationPlatforms) = postSolution
		{D318DEA3-1F6B-4DBE-90D6-524F17E75B8C}.Debug|Any CPU.ActiveCfg = Debug|Any CPU
		{D318DEA3-1F6B-4DBE-90D6-524F17E75B8C}.Debug|Any CPU.Build.0 = Debug|Any CPU
		{D318DEA3-1F6B-4DBE-90D6-524F17E75B8C}.Release|Any CPU.ActiveCfg = Release|Any CPU
		{D318DEA3-1F6B-4DBE-90D6-524F17E75B8C}.Release|Any CPU.Build.0 = Release|Any CPU
	EndGlobalSection
	GlobalSection(SolutionProperties) = preSolution
		HideSolutionNode = FALSE
	EndGlobalSection
	GlobalSection(ExtensibilityGlobals) = postSolution
		SolutionGuid = {433060A7-948E-406A-B82D-15DAD378C04F}
	EndGlobalSection
EndGlobal
